
Microsoft Visual Studio Solution File, Format Version 12.00
# Visual Studio 15
VisualStudioVersion = 15.0.28307.421
MinimumVisualStudioVersion = 10.0.40219.1
Project("{FAE04EC0-301F-11D3-BF4B-00C04F79EFBC}") = "ASPIdentity", "ASPIdentity\ASPIdentity.csproj", "{2E14F58D-5253-4D37-8501-2488BEC5D6F7}"
EndProject
Global
	GlobalSection(SolutionConfigurationPlatforms) = preSolution
		Debug|Any CPU = Debug|Any CPU
		Release|Any CPU = Release|Any CPU
	EndGlobalSection
	GlobalSection(ProjectConfigurationPlatforms) = postSolution
		{2E14F58D-5253-4D37-8501-2488BEC5D6F7}.Debug|Any CPU.ActiveCfg = Debug|Any CPU
		{2E14F58D-5253-4D37-8501-2488BEC5D6F7}.Debug|Any CPU.Build.0 = Debug|Any CPU
		{2E14F58D-5253-4D37-8501-2488BEC5D6F7}.Release|Any CPU.ActiveCfg = Release|Any CPU
		{2E14F58D-5253-4D37-8501-2488BEC5D6F7}.Release|Any CPU.Build.0 = Release|Any CPU
	EndGlobalSection
	GlobalSection(SolutionProperties) = preSolution
		HideSolutionNode = FALSE
	EndGlobalSection
	GlobalSection(ExtensibilityGlobals) = postSolution
		SolutionGuid = {2439A282-66C4-4C56-890B-1909652E2136}
	EndGlobalSection
EndGlobal
